
Microsoft Visual Studio Solution File, Format Version 12.00
# Visual Studio Version 17
VisualStudioVersion = 17.10.35013.160
MinimumVisualStudioVersion = 10.0.40219.1
Project("{FAE04EC0-301F-11D3-BF4B-00C04F79EFBC}") = "ConsoleApp", "ConsoleApp\ConsoleApp.csproj", "{7E40AB50-FB03-4034-8037-6AD3FEB50714}"
EndProject
Project("{FAE04EC0-301F-11D3-BF4B-00C04F79EFBC}") = "ConsoleAppC#10", "ConsoleAppC#10\ConsoleAppC#10.csproj", "{AC79F32F-0C26-40BB-8405-1603EC027E7C}"
EndProject
Global
	GlobalSection(SolutionConfigurationPlatforms) = preSolution
		Debug|Any CPU = Debug|Any CPU
		Release|Any CPU = Release|Any CPU
	EndGlobalSection
	GlobalSection(ProjectConfigurationPlatforms) = postSolution
		{7E40AB50-FB03-4034-8037-6AD3FEB50714}.Debug|Any CPU.ActiveCfg = Debug|Any CPU
		{7E40AB50-FB03-4034-8037-6AD3FEB50714}.Debug|Any CPU.Build.0 = Debug|Any CPU
		{7E40AB50-FB03-4034-8037-6AD3FEB50714}.Release|Any CPU.ActiveCfg = Release|Any CPU
		{7E40AB50-FB03-4034-8037-6AD3FEB50714}.Release|Any CPU.Build.0 = Release|Any CPU
		{AC79F32F-0C26-40BB-8405-1603EC027E7C}.Debug|Any CPU.ActiveCfg = Debug|Any CPU
		{AC79F32F-0C26-40BB-8405-1603EC027E7C}.Debug|Any CPU.Build.0 = Debug|Any CPU
		{AC79F32F-0C26-40BB-8405-1603EC027E7C}.Release|Any CPU.ActiveCfg = Release|Any CPU
		{AC79F32F-0C26-40BB-8405-1603EC027E7C}.Release|Any CPU.Build.0 = Release|Any CPU
	EndGlobalSection
	GlobalSection(SolutionProperties) = preSolution
		HideSolutionNode = FALSE
	EndGlobalSection
	GlobalSection(ExtensibilityGlobals) = postSolution
		SolutionGuid = {473B0878-3690-486A-AEF2-4AD1C8E17A7F}
	EndGlobalSection
EndGlobal
